
Microsoft Visual Studio Solution File, Format Version 12.00
# Visual Studio Version 16
VisualStudioVersion = 16.6.30114.105
MinimumVisualStudioVersion = 10.0.40219.1
Project("{9A19103F-16F7-4668-BE54-9A1E7A4F7556}") = "R5T.A0001", "R5T.A0001\R5T.A0001.csproj", "{AB7D4D0B-E3C2-4C2C-A1D3-6E0E0D8384F5}"
EndProject
Project("{2150E333-8FDC-42A3-9474-1A3956D46DE8}") = "_Dependencies", "_Dependencies", "{EE3334A5-B73A-456E-8FA3-BCEF76DE21EE}"
EndProject
Project("{9A19103F-16F7-4668-BE54-9A1E7A4F7556}") = "R5T.L0014", "..\..\R5T.L0014\source\R5T.L0014\R5T.L0014.csproj", "{3971670F-5D2A-42EA-9EF0-EB7C4A265C8C}"
EndProject
Project("{9A19103F-16F7-4668-BE54-9A1E7A4F7556}") = "R5T.T0062.X001", "..\..\R5T.T0062\source\R5T.T0062.X001\R5T.T0062.X001.csproj", "{CC18F221-53C2-420B-A2E9-5E441B5C14A4}"
EndProject
Project("{9A19103F-16F7-4668-BE54-9A1E7A4F7556}") = "R5T.T0063", "..\..\R5T.T0063\source\R5T.T0063\R5T.T0063.csproj", "{E3EF88CF-A6D0-404A-9629-FA040C0BBC75}"
EndProject
Project("{9A19103F-16F7-4668-BE54-9A1E7A4F7556}") = "R5T.L0013", "..\..\R5T.L0013\source\R5T.L0013\R5T.L0013.csproj", "{64EE2780-5859-4D34-8ECC-72513707A8EA}"
EndProject
Project("{9A19103F-16F7-4668-BE54-9A1E7A4F7556}") = "R5T.T0062", "..\..\R5T.T0062\source\R5T.T0062\R5T.T0062.csproj", "{84F8E406-6336-4DA9-B2E5-BBC020F49975}"
EndProject
Project("{9A19103F-16F7-4668-BE54-9A1E7A4F7556}") = "R5T.T0039.T002", "..\..\R5T.T0039\source\R5T.T0039.T002\R5T.T0039.T002.csproj", "{239EBD0A-F8D4-4F29-98F1-DFFF158585FD}"
EndProject
Project("{9A19103F-16F7-4668-BE54-9A1E7A4F7556}") = "R5T.L0017.D001", "..\..\R5T.L0017\source\R5T.L0017.D001\R5T.L0017.D001.csproj", "{733862DA-7A2C-4AAB-9014-E6D42B32A02D}"
EndProject
Project("{9A19103F-16F7-4668-BE54-9A1E7A4F7556}") = "R5T.L0018.D001", "..\..\R5T.L0018\source\R5T.L0018.D001\R5T.L0018.D001.csproj", "{D830649F-E38A-4328-9B55-6B028479FCAB}"
EndProject
Project("{9A19103F-16F7-4668-BE54-9A1E7A4F7556}") = "R5T.T0064", "..\..\R5T.T0064\source\R5T.T0064\R5T.T0064.csproj", "{B5BF353C-6DB2-453C-A395-08177781E9AB}"
EndProject
Project("{9A19103F-16F7-4668-BE54-9A1E7A4F7556}") = "R5T.L0017", "..\..\R5T.L0017\source\R5T.L0017\R5T.L0017.csproj", "{E0C3C217-DFE7-48D5-8179-9608627EE278}"
EndProject
Project("{9A19103F-16F7-4668-BE54-9A1E7A4F7556}") = "R5T.L0018", "..\..\R5T.L0018\source\R5T.L0018\R5T.L0018.csproj", "{E2B47AC9-A9D7-4745-B6EC-89BAE345FFE4}"
EndProject
Global
	GlobalSection(SolutionConfigurationPlatforms) = preSolution
		Debug|Any CPU = Debug|Any CPU
		Debug|x64 = Debug|x64
		Debug|x86 = Debug|x86
		Release|Any CPU = Release|Any CPU
		Release|x64 = Release|x64
		Release|x86 = Release|x86
	EndGlobalSection
	GlobalSection(ProjectConfigurationPlatforms) = postSolution
		{AB7D4D0B-E3C2-4C2C-A1D3-6E0E0D8384F5}.Debug|Any CPU.ActiveCfg = Debug|Any CPU
		{AB7D4D0B-E3C2-4C2C-A1D3-6E0E0D8384F5}.Debug|Any CPU.Build.0 = Debug|Any CPU
		{AB7D4D0B-E3C2-4C2C-A1D3-6E0E0D8384F5}.Debug|x64.ActiveCfg = Debug|Any CPU
		{AB7D4D0B-E3C2-4C2C-A1D3-6E0E0D8384F5}.Debug|x64.Build.0 = Debug|Any CPU
		{AB7D4D0B-E3C2-4C2C-A1D3-6E0E0D8384F5}.Debug|x86.ActiveCfg = Debug|Any CPU
		{AB7D4D0B-E3C2-4C2C-A1D3-6E0E0D8384F5}.Debug|x86.Build.0 = Debug|Any CPU
		{AB7D4D0B-E3C2-4C2C-A1D3-6E0E0D8384F5}.Release|Any CPU.ActiveCfg = Release|Any CPU
		{AB7D4D0B-E3C2-4C2C-A1D3-6E0E0D8384F5}.Release|Any CPU.Build.0 = Release|Any CPU
		{AB7D4D0B-E3C2-4C2C-A1D3-6E0E0D8384F5}.Release|x64.ActiveCfg = Release|Any CPU
		{AB7D4D0B-E3C2-4C2C-A1D3-6E0E0D8384F5}.Release|x64.Build.0 = Release|Any CPU
		{AB7D4D0B-E3C2-4C2C-A1D3-6E0E0D8384F5}.Release|x86.ActiveCfg = Release|Any CPU
		{AB7D4D0B-E3C2-4C2C-A1D3-6E0E0D8384F5}.Release|x86.Build.0 = Release|Any CPU
		{3971670F-5D2A-42EA-9EF0-EB7C4A265C8C}.Debug|Any CPU.ActiveCfg = Debug|Any CPU
		{3971670F-5D2A-42EA-9EF0-EB7C4A265C8C}.Debug|Any CPU.Build.0 = Debug|Any CPU
		{3971670F-5D2A-42EA-9EF0-EB7C4A265C8C}.Debug|x64.ActiveCfg = Debug|Any CPU
		{3971670F-5D2A-42EA-9EF0-EB7C4A265C8C}.Debug|x64.Build.0 = Debug|Any CPU
		{3971670F-5D2A-42EA-9EF0-EB7C4A265C8C}.Debug|x86.ActiveCfg = Debug|Any CPU
		{3971670F-5D2A-42EA-9EF0-EB7C4A265C8C}.Debug|x86.Build.0 = Debug|Any CPU
		{3971670F-5D2A-42EA-9EF0-EB7C4A265C8C}.Release|Any CPU.ActiveCfg = Release|Any CPU
		{3971670F-5D2A-42EA-9EF0-EB7C4A265C8C}.Release|Any CPU.Build.0 = Release|Any CPU
		{3971670F-5D2A-42EA-9EF0-EB7C4A265C8C}.Release|x64.ActiveCfg = Release|Any CPU
		{3971670F-5D2A-42EA-9EF0-EB7C4A265C8C}.Release|x64.Build.0 = Release|Any CPU
		{3971670F-5D2A-42EA-9EF0-EB7C4A265C8C}.Release|x86.ActiveCfg = Release|Any CPU
		{3971670F-5D2A-42EA-9EF0-EB7C4A265C8C}.Release|x86.Build.0 = Release|Any CPU
		{CC18F221-53C2-420B-A2E9-5E441B5C14A4}.Debug|Any CPU.ActiveCfg = Debug|Any CPU
		{CC18F221-53C2-420B-A2E9-5E441B5C14A4}.Debug|Any CPU.Build.0 = Debug|Any CPU
		{CC18F221-53C2-420B-A2E9-5E441B5C14A4}.Debug|x64.ActiveCfg = Debug|Any CPU
		{CC18F221-53C2-420B-A2E9-5E441B5C14A4}.Debug|x64.Build.0 = Debug|Any CPU
		{CC18F221-53C2-420B-A2E9-5E441B5C14A4}.Debug|x86.ActiveCfg = Debug|Any CPU
		{CC18F221-53C2-420B-A2E9-5E441B5C14A4}.Debug|x86.Build.0 = Debug|Any CPU
		{CC18F221-53C2-420B-A2E9-5E441B5C14A4}.Release|Any CPU.ActiveCfg = Release|Any CPU
		{CC18F221-53C2-420B-A2E9-5E441B5C14A4}.Release|Any CPU.Build.0 = Release|Any CPU
		{CC18F221-53C2-420B-A2E9-5E441B5C14A4}.Release|x64.ActiveCfg = Release|Any CPU
		{CC18F221-53C2-420B-A2E9-5E441B5C14A4}.Release|x64.Build.0 = Release|Any CPU
		{CC18F221-53C2-420B-A2E9-5E441B5C14A4}.Release|x86.ActiveCfg = Release|Any CPU
		{CC18F221-53C2-420B-A2E9-5E441B5C14A4}.Release|x86.Build.0 = Release|Any CPU
		{E3EF88CF-A6D0-404A-9629-FA040C0BBC75}.Debug|Any CPU.ActiveCfg = Debug|Any CPU
		{E3EF88CF-A6D0-404A-9629-FA040C0BBC75}.Debug|Any CPU.Build.0 = Debug|Any CPU
		{E3EF88CF-A6D0-404A-9629-FA040C0BBC75}.Debug|x64.ActiveCfg = Debug|Any CPU
		{E3EF88CF-A6D0-404A-9629-FA040C0BBC75}.Debug|x64.Build.0 = Debug|Any CPU
		{E3EF88CF-A6D0-404A-9629-FA040C0BBC75}.Debug|x86.ActiveCfg = Debug|Any CPU
		{E3EF88CF-A6D0-404A-9629-FA040C0BBC75}.Debug|x86.Build.0 = Debug|Any CPU
		{E3EF88CF-A6D0-404A-9629-FA040C0BBC75}.Release|Any CPU.ActiveCfg = Release|Any CPU
		{E3EF88CF-A6D0-404A-9629-FA040C0BBC75}.Release|Any CPU.Build.0 = Release|Any CPU
		{E3EF88CF-A6D0-404A-9629-FA040C0BBC75}.Release|x64.ActiveCfg = Release|Any CPU
		{E3EF88CF-A6D0-404A-9629-FA040C0BBC75}.Release|x64.Build.0 = Release|Any CPU
		{E3EF88CF-A6D0-404A-9629-FA040C0BBC75}.Release|x86.ActiveCfg = Release|Any CPU
		{E3EF88CF-A6D0-404A-9629-FA040C0BBC75}.Release|x86.Build.0 = Release|Any CPU
		{64EE2780-5859-4D34-8ECC-72513707A8EA}.Debug|Any CPU.ActiveCfg = Debug|Any CPU
		{64EE2780-5859-4D34-8ECC-72513707A8EA}.Debug|Any CPU.Build.0 = Debug|Any CPU
		{64EE2780-5859-4D34-8ECC-72513707A8EA}.Debug|x64.ActiveCfg = Debug|Any CPU
		{64EE2780-5859-4D34-8ECC-72513707A8EA}.Debug|x64.Build.0 = Debug|Any CPU
		{64EE2780-5859-4D34-8ECC-72513707A8EA}.Debug|x86.ActiveCfg = Debug|Any CPU
		{64EE2780-5859-4D34-8ECC-72513707A8EA}.Debug|x86.Build.0 = Debug|Any CPU
		{64EE2780-5859-4D34-8ECC-72513707A8EA}.Release|Any CPU.ActiveCfg = Release|Any CPU
		{64EE2780-5859-4D34-8ECC-72513707A8EA}.Release|Any CPU.Build.0 = Release|Any CPU
		{64EE2780-5859-4D34-8ECC-72513707A8EA}.Release|x64.ActiveCfg = Release|Any CPU
		{64EE2780-5859-4D34-8ECC-72513707A8EA}.Release|x64.Build.0 = Release|Any CPU
		{64EE2780-5859-4D34-8ECC-72513707A8EA}.Release|x86.ActiveCfg = Release|Any CPU
		{64EE2780-5859-4D34-8ECC-72513707A8EA}.Release|x86.Build.0 = Release|Any CPU
		{84F8E406-6336-4DA9-B2E5-BBC020F49975}.Debug|Any CPU.ActiveCfg = Debug|Any CPU
		{84F8E406-6336-4DA9-B2E5-BBC020F49975}.Debug|Any CPU.Build.0 = Debug|Any CPU
		{84F8E406-6336-4DA9-B2E5-BBC020F49975}.Debug|x64.ActiveCfg = Debug|Any CPU
		{84F8E406-6336-4DA9-B2E5-BBC020F49975}.Debug|x64.Build.0 = Debug|Any CPU
		{84F8E406-6336-4DA9-B2E5-BBC020F49975}.Debug|x86.ActiveCfg = Debug|Any CPU
		{84F8E406-6336-4DA9-B2E5-BBC020F49975}.Debug|x86.Build.0 = Debug|Any CPU
		{84F8E406-6336-4DA9-B2E5-BBC020F49975}.Release|Any CPU.ActiveCfg = Release|Any CPU
		{84F8E406-6336-4DA9-B2E5-BBC020F49975}.Release|Any CPU.Build.0 = Release|Any CPU
		{84F8E406-6336-4DA9-B2E5-BBC020F49975}.Release|x64.ActiveCfg = Release|Any CPU
		{84F8E406-6336-4DA9-B2E5-BBC020F49975}.Release|x64.Build.0 = Release|Any CPU
		{84F8E406-6336-4DA9-B2E5-BBC020F49975}.Release|x86.ActiveCfg = Release|Any CPU
		{84F8E406-6336-4DA9-B2E5-BBC020F49975}.Release|x86.Build.0 = Release|Any CPU
		{239EBD0A-F8D4-4F29-98F1-DFFF158585FD}.Debug|Any CPU.ActiveCfg = Debug|Any CPU
		{239EBD0A-F8D4-4F29-98F1-DFFF158585FD}.Debug|Any CPU.Build.0 = Debug|Any CPU
		{239EBD0A-F8D4-4F29-98F1-DFFF158585FD}.Debug|x64.ActiveCfg = Debug|Any CPU
		{239EBD0A-F8D4-4F29-98F1-DFFF158585FD}.Debug|x64.Build.0 = Debug|Any CPU
		{239EBD0A-F8D4-4F29-98F1-DFFF158585FD}.Debug|x86.ActiveCfg = Debug|Any CPU
		{239EBD0A-F8D4-4F29-98F1-DFFF158585FD}.Debug|x86.Build.0 = Debug|Any CPU
		{239EBD0A-F8D4-4F29-98F1-DFFF158585FD}.Release|Any CPU.ActiveCfg = Release|Any CPU
		{239EBD0A-F8D4-4F29-98F1-DFFF158585FD}.Release|Any CPU.Build.0 = Release|Any CPU
		{239EBD0A-F8D4-4F29-98F1-DFFF158585FD}.Release|x64.ActiveCfg = Release|Any CPU
		{239EBD0A-F8D4-4F29-98F1-DFFF158585FD}.Release|x64.Build.0 = Release|Any CPU
		{239EBD0A-F8D4-4F29-98F1-DFFF158585FD}.Release|x86.ActiveCfg = Release|Any CPU
		{239EBD0A-F8D4-4F29-98F1-DFFF158585FD}.Release|x86.Build.0 = Release|Any CPU
		{733862DA-7A2C-4AAB-9014-E6D42B32A02D}.Debug|Any CPU.ActiveCfg = Debug|Any CPU
		{733862DA-7A2C-4AAB-9014-E6D42B32A02D}.Debug|Any CPU.Build.0 = Debug|Any CPU
		{733862DA-7A2C-4AAB-9014-E6D42B32A02D}.Debug|x64.ActiveCfg = Debug|Any CPU
		{733862DA-7A2C-4AAB-9014-E6D42B32A02D}.Debug|x64.Build.0 = Debug|Any CPU
		{733862DA-7A2C-4AAB-9014-E6D42B32A02D}.Debug|x86.ActiveCfg = Debug|Any CPU
		{733862DA-7A2C-4AAB-9014-E6D42B32A02D}.Debug|x86.Build.0 = Debug|Any CPU
		{733862DA-7A2C-4AAB-9014-E6D42B32A02D}.Release|Any CPU.ActiveCfg = Release|Any CPU
		{733862DA-7A2C-4AAB-9014-E6D42B32A02D}.Release|Any CPU.Build.0 = Release|Any CPU
		{733862DA-7A2C-4AAB-9014-E6D42B32A02D}.Release|x64.ActiveCfg = Release|Any CPU
		{733862DA-7A2C-4AAB-9014-E6D42B32A02D}.Release|x64.Build.0 = Release|Any CPU
		{733862DA-7A2C-4AAB-9014-E6D42B32A02D}.Release|x86.ActiveCfg = Release|Any CPU
		{733862DA-7A2C-4AAB-9014-E6D42B32A02D}.Release|x86.Build.0 = Release|Any CPU
		{D830649F-E38A-4328-9B55-6B028479FCAB}.Debug|Any CPU.ActiveCfg = Debug|Any CPU
		{D830649F-E38A-4328-9B55-6B028479FCAB}.Debug|Any CPU.Build.0 = Debug|Any CPU
		{D830649F-E38A-4328-9B55-6B028479FCAB}.Debug|x64.ActiveCfg = Debug|Any CPU
		{D830649F-E38A-4328-9B55-6B028479FCAB}.Debug|x64.Build.0 = Debug|Any CPU
		{D830649F-E38A-4328-9B55-6B028479FCAB}.Debug|x86.ActiveCfg = Debug|Any CPU
		{D830649F-E38A-4328-9B55-6B028479FCAB}.Debug|x86.Build.0 = Debug|Any CPU
		{D830649F-E38A-4328-9B55-6B028479FCAB}.Release|Any CPU.ActiveCfg = Release|Any CPU
		{D830649F-E38A-4328-9B55-6B028479FCAB}.Release|Any CPU.Build.0 = Release|Any CPU
		{D830649F-E38A-4328-9B55-6B028479FCAB}.Release|x64.ActiveCfg = Release|Any CPU
		{D830649F-E38A-4328-9B55-6B028479FCAB}.Release|x64.Build.0 = Release|Any CPU
		{D830649F-E38A-4328-9B55-6B028479FCAB}.Release|x86.ActiveCfg = Release|Any CPU
		{D830649F-E38A-4328-9B55-6B028479FCAB}.Release|x86.Build.0 = Release|Any CPU
		{B5BF353C-6DB2-453C-A395-08177781E9AB}.Debug|Any CPU.ActiveCfg = Debug|Any CPU
		{B5BF353C-6DB2-453C-A395-08177781E9AB}.Debug|Any CPU.Build.0 = Debug|Any CPU
		{B5BF353C-6DB2-453C-A395-08177781E9AB}.Debug|x64.ActiveCfg = Debug|Any CPU
		{B5BF353C-6DB2-453C-A395-08177781E9AB}.Debug|x64.Build.0 = Debug|Any CPU
		{B5BF353C-6DB2-453C-A395-08177781E9AB}.Debug|x86.ActiveCfg = Debug|Any CPU
		{B5BF353C-6DB2-453C-A395-08177781E9AB}.Debug|x86.Build.0 = Debug|Any CPU
		{B5BF353C-6DB2-453C-A395-08177781E9AB}.Release|Any CPU.ActiveCfg = Release|Any CPU
		{B5BF353C-6DB2-453C-A395-08177781E9AB}.Release|Any CPU.Build.0 = Release|Any CPU
		{B5BF353C-6DB2-453C-A395-08177781E9AB}.Release|x64.ActiveCfg = Release|Any CPU
		{B5BF353C-6DB2-453C-A395-08177781E9AB}.Release|x64.Build.0 = Release|Any CPU
		{B5BF353C-6DB2-453C-A395-08177781E9AB}.Release|x86.ActiveCfg = Release|Any CPU
		{B5BF353C-6DB2-453C-A395-08177781E9AB}.Release|x86.Build.0 = Release|Any CPU
		{E0C3C217-DFE7-48D5-8179-9608627EE278}.Debug|Any CPU.ActiveCfg = Debug|Any CPU
		{E0C3C217-DFE7-48D5-8179-9608627EE278}.Debug|Any CPU.Build.0 = Debug|Any CPU
		{E0C3C217-DFE7-48D5-8179-9608627EE278}.Debug|x64.ActiveCfg = Debug|Any CPU
		{E0C3C217-DFE7-48D5-8179-9608627EE278}.Debug|x64.Build.0 = Debug|Any CPU
		{E0C3C217-DFE7-48D5-8179-9608627EE278}.Debug|x86.ActiveCfg = Debug|Any CPU
		{E0C3C217-DFE7-48D5-8179-9608627EE278}.Debug|x86.Build.0 = Debug|Any CPU
		{E0C3C217-DFE7-48D5-8179-9608627EE278}.Release|Any CPU.ActiveCfg = Release|Any CPU
		{E0C3C217-DFE7-48D5-8179-9608627EE278}.Release|Any CPU.Build.0 = Release|Any CPU
		{E0C3C217-DFE7-48D5-8179-9608627EE278}.Release|x64.ActiveCfg = Release|Any CPU
		{E0C3C217-DFE7-48D5-8179-9608627EE278}.Release|x64.Build.0 = Release|Any CPU
		{E0C3C217-DFE7-48D5-8179-9608627EE278}.Release|x86.ActiveCfg = Release|Any CPU
		{E0C3C217-DFE7-48D5-8179-9608627EE278}.Release|x86.Build.0 = Release|Any CPU
		{E2B47AC9-A9D7-4745-B6EC-89BAE345FFE4}.Debug|Any CPU.ActiveCfg = Debug|Any CPU
		{E2B47AC9-A9D7-4745-B6EC-89BAE345FFE4}.Debug|Any CPU.Build.0 = Debug|Any CPU
		{E2B47AC9-A9D7-4745-B6EC-89BAE345FFE4}.Debug|x64.ActiveCfg = Debug|Any CPU
		{E2B47AC9-A9D7-4745-B6EC-89BAE345FFE4}.Debug|x64.Build.0 = Debug|Any CPU
		{E2B47AC9-A9D7-4745-B6EC-89BAE345FFE4}.Debug|x86.ActiveCfg = Debug|Any CPU
		{E2B47AC9-A9D7-4745-B6EC-89BAE345FFE4}.Debug|x86.Build.0 = Debug|Any CPU
		{E2B47AC9-A9D7-4745-B6EC-89BAE345FFE4}.Release|Any CPU.ActiveCfg = Release|Any CPU
		{E2B47AC9-A9D7-4745-B6EC-89BAE345FFE4}.Release|Any CPU.Build.0 = Release|Any CPU
		{E2B47AC9-A9D7-4745-B6EC-89BAE345FFE4}.Release|x64.ActiveCfg = Release|Any CPU
		{E2B47AC9-A9D7-4745-B6EC-89BAE345FFE4}.Release|x64.Build.0 = Release|Any CPU
		{E2B47AC9-A9D7-4745-B6EC-89BAE345FFE4}.Release|x86.ActiveCfg = Release|Any CPU
		{E2B47AC9-A9D7-4745-B6EC-89BAE345FFE4}.Release|x86.Build.0 = Release|Any CPU
	EndGlobalSection
	GlobalSection(SolutionProperties) = preSolution
		HideSolutionNode = FALSE
	EndGlobalSection
	GlobalSection(NestedProjects) = preSolution
		{3971670F-5D2A-42EA-9EF0-EB7C4A265C8C} = {EE3334A5-B73A-456E-8FA3-BCEF76DE21EE}
		{CC18F221-53C2-420B-A2E9-5E441B5C14A4} = {EE3334A5-B73A-456E-8FA3-BCEF76DE21EE}
		{E3EF88CF-A6D0-404A-9629-FA040C0BBC75} = {EE3334A5-B73A-456E-8FA3-BCEF76DE21EE}
		{64EE2780-5859-4D34-8ECC-72513707A8EA} = {EE3334A5-B73A-456E-8FA3-BCEF76DE21EE}
		{84F8E406-6336-4DA9-B2E5-BBC020F49975} = {EE3334A5-B73A-456E-8FA3-BCEF76DE21EE}
		{239EBD0A-F8D4-4F29-98F1-DFFF158585FD} = {EE3334A5-B73A-456E-8FA3-BCEF76DE21EE}
		{733862DA-7A2C-4AAB-9014-E6D42B32A02D} = {EE3334A5-B73A-456E-8FA3-BCEF76DE21EE}
		{D830649F-E38A-4328-9B55-6B028479FCAB} = {EE3334A5-B73A-456E-8FA3-BCEF76DE21EE}
		{B5BF353C-6DB2-453C-A395-08177781E9AB} = {EE3334A5-B73A-456E-8FA3-BCEF76DE21EE}
		{E0C3C217-DFE7-48D5-8179-9608627EE278} = {EE3334A5-B73A-456E-8FA3-BCEF76DE21EE}
		{E2B47AC9-A9D7-4745-B6EC-89BAE345FFE4} = {EE3334A5-B73A-456E-8FA3-BCEF76DE21EE}
	EndGlobalSection
	GlobalSection(ExtensibilityGlobals) = postSolution
		SolutionGuid = {BDDCB663-F7EE-4A83-A566-C8CC61C59EAA}
	EndGlobalSection
EndGlobal
